<?xml version="1.0" encoding="utf-8"?>
<Project ToolsVersion="4.0" xmlns="http://schemas.microsoft.com/developer/msbuild/2003">
  <ItemGroup>
    <Filter Include="Source Files">
      <UniqueIdentifier>{4FC737F1-C7A5-4376-A066-2A32D752A2FF}</UniqueIdentifier>
      <Extensions>cpp;c;cc;cxx;c++;cppm;ixx;def;odl;idl;hpj;bat;asm;asmx</Extensions>
    </Filter>
    <Filter Include="Header Files">
      <UniqueIdentifier>{93995380-89BD-4b04-88EB-625FBE52EBFB}</UniqueIdentifier>
      <Extensions>h;hh;hpp;hxx;h++;hm;inl;inc;ipp;xsd</Extensions>
    </Filter>
    <Filter Include="Resource Files">
      <UniqueIdentifier>{67DA6AB6-F800-4c08-8B7A-83BB121AAD01}</UniqueIdentifier>
      <Extensions>rc;ico;cur;bmp;dlg;rc2;rct;bin;rgs;gif;jpg;jpeg;jpe;resx;tiff;tif;png;wav;mfcribbon-ms</Extensions>
    </Filter>
    <Filter Include="Tests">
      <UniqueIdentifier>{8C6C6D4E-9B3A-4F5E-9A1D-7E2F3B4C5D6E}</UniqueIdentifier>
    </Filter>
    <Filter Include="Source Files\imgui">
      <UniqueIdentifier>{fff0d82f-1111-43ab-af06-d0305b8285d8}</UniqueIdentifier>
    </Filter>
    <Filter Include="Header Files\imgui">
      <UniqueIdentifier>{fcb6f131-8e27-46e2-af68-68d4dd8a07c3}</UniqueIdentifier>
    </Filter>
    <Filter Include="Header Files\Log">
      <UniqueIdentifier>{27ec472f-44b7-46f6-beda-7cd55b747374}</UniqueIdentifier>
    </Filter>
    <Filter Include="Header Files\Log\Sink">
      <UniqueIdentifier>{adf0474e-786d-4729-b2e3-4a5846ce663d}</UniqueIdentifier>
    </Filter>
    <Filter Include="Source Files\Log">
      <UniqueIdentifier>{42338e63-2eee-4eab-a711-abdb48466945}</UniqueIdentifier>
    </Filter>
    <Filter Include="Source Files\Log\Sink">
      <UniqueIdentifier>{f60a64d3-28f4-49d7-b317-a9bdb59552ea}</UniqueIdentifier>
    </Filter>
  </ItemGroup>
  <ItemGroup>
    <ClCompile Include="main.cpp">
      <Filter>Source Files</Filter>
    </ClCompile>
    <ClCompile Include="Tests\TestImGui.cpp">
      <Filter>Tests</Filter>
    </ClCompile>
    <ClCompile Include="Tests\TestStb.cpp">
      <Filter>Tests</Filter>
    </ClCompile>
    <ClCompile Include="Tests\TestAssimp.cpp">
      <Filter>Tests</Filter>
    </ClCompile>
    <ClCompile Include="..\Common\ThirdParty\imgui\imgui.cpp">
      <Filter>Source Files\imgui</Filter>
    </ClCompile>
    <ClCompile Include="..\Common\ThirdParty\imgui\imgui_draw.cpp">
      <Filter>Source Files\imgui</Filter>
    </ClCompile>
    <ClCompile Include="..\Common\ThirdParty\imgui\imgui_tables.cpp">
      <Filter>Source Files\imgui</Filter>
    </ClCompile>
    <ClCompile Include="..\Common\ThirdParty\imgui\imgui_widgets.cpp">
      <Filter>Source Files\imgui</Filter>
    </ClCompile>
    <ClCompile Include="..\Common\ThirdParty\imgui\backends\imgui_impl_dx12.cpp">
      <Filter>Source Files</Filter>
    </ClCompile>
    <ClCompile Include="..\Common\ThirdParty\imgui\backends\imgui_impl_win32.cpp">
      <Filter>Source Files</Filter>
    </ClCompile>
    <ClCompile Include="..\Common\Src\Logger\Logger.cpp">
      <Filter>Source Files\Log</Filter>
    </ClCompile>
    <ClCompile Include="..\Common\Src\Logger\LogMessage.cpp">
      <Filter>Source Files\Log</Filter>
    </ClCompile>
    <ClCompile Include="..\Common\Src\Logger\ConsoleSink.cpp">
      <Filter>Source Files\Log\Sink</Filter>
    </ClCompile>
    <ClCompile Include="..\Common\Src\Logger\DebugOutputSink.cpp">
      <Filter>Source Files\Log\Sink</Filter>
    </ClCompile>
    <ClCompile Include="..\Common\Src\Logger\FileSink.cpp">
      <Filter>Source Files\Log\Sink</Filter>
    </ClCompile>
  </ItemGroup>
  <ItemGroup>
    <ClInclude Include="Tests\TestImGui.h">
      <Filter>Tests</Filter>
    </ClInclude>
    <ClInclude Include="Tests\TestStb.h">
      <Filter>Tests</Filter>
    </ClInclude>
    <ClInclude Include="Tests\TestAssimp.h">
      <Filter>Tests</Filter>
    </ClInclude>
    <ClInclude Include="..\Common\ThirdParty\imgui\imgui.h">
      <Filter>Header Files</Filter>
    </ClInclude>
    <ClInclude Include="..\Common\ThirdParty\imgui\imconfig.h">
      <Filter>Header Files\imgui</Filter>
    </ClInclude>
    <ClInclude Include="..\Common\ThirdParty\imgui\backends\imgui_impl_dx12.h">
      <Filter>Header Files</Filter>
    </ClInclude>
    <ClInclude Include="..\Common\ThirdParty\imgui\backends\imgui_impl_win32.h">
      <Filter>Header Files</Filter>
    </ClInclude>
    <ClInclude Include="..\Common\Include\Logger\Logger.h">
      <Filter>Header Files\Log</Filter>
    </ClInclude>
    <ClInclude Include="..\Common\Include\Logger\LogLevel.h">
      <Filter>Header Files\Log</Filter>
    </ClInclude>
    <ClInclude Include="..\Common\Include\Logger\LogMacros.h">
      <Filter>Header Files\Log</Filter>
    </ClInclude>
    <ClInclude Include="..\Common\Include\Logger\LogMessage.h">
      <Filter>Header Files\Log</Filter>
    </ClInclude>
    <ClInclude Include="..\Common\Include\Logger\LogSink.h">
      <Filter>Header Files\Log</Filter>
    </ClInclude>
    <ClInclude Include="..\Common\Include\Logger\ConsoleSink.h">
      <Filter>Header Files\Log\Sink</Filter>
    </ClInclude>
    <ClInclude Include="..\Common\Include\Logger\DebugOutputSink.h">
      <Filter>Header Files\Log\Sink</Filter>
    </ClInclude>
    <ClInclude Include="..\Common\Include\Logger\FileSink.h">
      <Filter>Header Files\Log\Sink</Filter>
    </ClInclude>
  </ItemGroup>
  <ItemGroup>
    <None Include="packages.config" />
  </ItemGroup>
</Project>